// !$*UTF8*$!
{
	archiveVersion = 1;
	classes = {
	};
	objectVersion = 56;
	objects = {

/* Begin PBXBuildFile section */
		E8123E9D29BF2F9B008369B5 /* AppDelegate.swift in Sources */ = {isa = PBXBuildFile; fileRef = E8123E9C29BF2F9B008369B5 /* AppDelegate.swift */; };
		E8123E9F29BF2F9B008369B5 /* SceneDelegate.swift in Sources */ = {isa = PBXBuildFile; fileRef = E8123E9E29BF2F9B008369B5 /* SceneDelegate.swift */; };
		E8123EA129BF2F9B008369B5 /* ViewController.swift in Sources */ = {isa = PBXBuildFile; fileRef = E8123EA029BF2F9B008369B5 /* ViewController.swift */; };
		E8123EA429BF2F9B008369B5 /* Main.storyboard in Resources */ = {isa = PBXBuildFile; fileRef = E8123EA229BF2F9B008369B5 /* Main.storyboard */; };
		E8123EA629BF2F9B008369B5 /* Assets.xcassets in Resources */ = {isa = PBXBuildFile; fileRef = E8123EA529BF2F9B008369B5 /* Assets.xcassets */; };
		E8123EA929BF2F9B008369B5 /* LaunchScreen.storyboard in Resources */ = {isa = PBXBuildFile; fileRef = E8123EA729BF2F9B008369B5 /* LaunchScreen.storyboard */; };
		E8123EB429BF2F9B008369B5 /* User_Default_Login_UygulamasiTests.swift in Sources */ = {isa = PBXBuildFile; fileRef = E8123EB329BF2F9B008369B5 /* User_Default_Login_UygulamasiTests.swift */; };
		E8123EBE29BF2F9B008369B5 /* User_Default_Login_UygulamasiUITests.swift in Sources */ = {isa = PBXBuildFile; fileRef = E8123EBD29BF2F9B008369B5 /* User_Default_Login_UygulamasiUITests.swift */; };
		E8123EC029BF2F9B008369B5 /* User_Default_Login_UygulamasiUITestsLaunchTests.swift in Sources */ = {isa = PBXBuildFile; fileRef = E8123EBF29BF2F9B008369B5 /* User_Default_Login_UygulamasiUITestsLaunchTests.swift */; };
		E8123ECD29BF3227008369B5 /* AnasayfaVC.swift in Sources */ = {isa = PBXBuildFile; fileRef = E8123ECC29BF3227008369B5 /* AnasayfaVC.swift */; };
/* End PBXBuildFile section */

/* Begin PBXContainerItemProxy section */
		E8123EB029BF2F9B008369B5 /* PBXContainerItemProxy */ = {
			isa = PBXContainerItemProxy;
			containerPortal = E8123E9129BF2F9B008369B5 /* Project object */;
			proxyType = 1;
			remoteGlobalIDString = E8123E9829BF2F9B008369B5;
			remoteInfo = "User Default Login Uygulamasi";
		};
		E8123EBA29BF2F9B008369B5 /* PBXContainerItemProxy */ = {
			isa = PBXContainerItemProxy;
			containerPortal = E8123E9129BF2F9B008369B5 /* Project object */;
			proxyType = 1;
			remoteGlobalIDString = E8123E9829BF2F9B008369B5;
			remoteInfo = "User Default Login Uygulamasi";
		};
/* End PBXContainerItemProxy section */

/* Begin PBXFileReference section */
		E8123E9929BF2F9B008369B5 /* User Default Login Uygulamasi.app */ = {isa = PBXFileReference; explicitFileType = wrapper.application; includeInIndex = 0; path = "User Default Login Uygulamasi.app"; sourceTree = BUILT_PRODUCTS_DIR; };
		E8123E9C29BF2F9B008369B5 /* AppDelegate.swift */ = {isa = PBXFileReference; lastKnownFileType = sourcecode.swift; path = AppDelegate.swift; sourceTree = "<group>"; };
		E8123E9E29BF2F9B008369B5 /* SceneDelegate.swift */ = {isa = PBXFileReference; lastKnownFileType = sourcecode.swift; path = SceneDelegate.swift; sourceTree = "<group>"; };
		E8123EA029BF2F9B008369B5 /* ViewController.swift */ = {isa = PBXFileReference; lastKnownFileType = sourcecode.swift; path = ViewController.swift; sourceTree = "<group>"; };
		E8123EA329BF2F9B008369B5 /* Base */ = {isa = PBXFileReference; lastKnownFileType = file.storyboard; name = Base; path = Base.lproj/Main.storyboard; sourceTree = "<group>"; };
		E8123EA529BF2F9B008369B5 /* Assets.xcassets */ = {isa = PBXFileReference; lastKnownFileType = folder.assetcatalog; path = Assets.xcassets; sourceTree = "<group>"; };
		E8123EA829BF2F9B008369B5 /* Base */ = {isa = PBXFileReference; lastKnownFileType = file.storyboard; name = Base; path = Base.lproj/LaunchScreen.storyboard; sourceTree = "<group>"; };
		E8123EAA29BF2F9B008369B5 /* Info.plist */ = {isa = PBXFileReference; lastKnownFileType = text.plist.xml; path = Info.plist; sourceTree = "<group>"; };
		E8123EAF29BF2F9B008369B5 /* User Default Login UygulamasiTests.xctest */ = {isa = PBXFileReference; explicitFileType = wrapper.cfbundle; includeInIndex = 0; path = "User Default Login UygulamasiTests.xctest"; sourceTree = BUILT_PRODUCTS_DIR; };
		E8123EB329BF2F9B008369B5 /* User_Default_Login_UygulamasiTests.swift */ = {isa = PBXFileReference; lastKnownFileType = sourcecode.swift; path = User_Default_Login_UygulamasiTests.swift; sourceTree = "<group>"; };
		E8123EB929BF2F9B008369B5 /* User Default Login UygulamasiUITests.xctest */ = {isa = PBXFileReference; explicitFileType = wrapper.cfbundle; includeInIndex = 0; path = "User Default Login UygulamasiUITests.xctest"; sourceTree = BUILT_PRODUCTS_DIR; };
		E8123EBD29BF2F9B008369B5 /* User_Default_Login_UygulamasiUITests.swift */ = {isa = PBXFileReference; lastKnownFileType = sourcecode.swift; path = User_Default_Login_UygulamasiUITests.swift; sourceTree = "<group>"; };
		E8123EBF29BF2F9B008369B5 /* User_Default_Login_UygulamasiUITestsLaunchTests.swift */ = {isa = PBXFileReference; lastKnownFileType = sourcecode.swift; path = User_Default_Login_UygulamasiUITestsLaunchTests.swift; sourceTree = "<group>"; };
		E8123ECC29BF3227008369B5 /* AnasayfaVC.swift */ = {isa = PBXFileReference; lastKnownFileType = sourcecode.swift; path = AnasayfaVC.swift; sourceTree = "<group>"; };
/* End PBXFileReference section */

/* Begin PBXFrameworksBuildPhase section */
		E8123E9629BF2F9B008369B5 /* Frameworks */ = {
			isa = PBXFrameworksBuildPhase;
			buildActionMask = 2147483647;
			files = (
			);
			runOnlyForDeploymentPostprocessing = 0;
		};
		E8123EAC29BF2F9B008369B5 /* Frameworks */ = {
			isa = PBXFrameworksBuildPhase;
			buildActionMask = 2147483647;
			files = (
			);
			runOnlyForDeploymentPostprocessing = 0;
		};
		E8123EB629BF2F9B008369B5 /* Frameworks */ = {
			isa = PBXFrameworksBuildPhase;
			buildActionMask = 2147483647;
			files = (
			);
			runOnlyForDeploymentPostprocessing = 0;
		};
/* End PBXFrameworksBuildPhase section */

/* Begin PBXGroup section */
		E8123E9029BF2F9B008369B5 = {
			isa = PBXGroup;
			children = (
				E8123E9B29BF2F9B008369B5 /* User Default Login Uygulamasi */,
				E8123EB229BF2F9B008369B5 /* User Default Login UygulamasiTests */,
				E8123EBC29BF2F9B008369B5 /* User Default Login UygulamasiUITests */,
				E8123E9A29BF2F9B008369B5 /* Products */,
			);
			sourceTree = "<group>";
		};
		E8123E9A29BF2F9B008369B5 /* Products */ = {
			isa = PBXGroup;
			children = (
				E8123E9929BF2F9B008369B5 /* User Default Login Uygulamasi.app */,
				E8123EAF29BF2F9B008369B5 /* User Default Login UygulamasiTests.xctest */,
				E8123EB929BF2F9B008369B5 /* User Default Login UygulamasiUITests.xctest */,
			);
			name = Products;
			sourceTree = "<group>";
		};
		E8123E9B29BF2F9B008369B5 /* User Default Login Uygulamasi */ = {
			isa = PBXGroup;
			children = (
				E8123E9C29BF2F9B008369B5 /* AppDelegate.swift */,
				E8123E9E29BF2F9B008369B5 /* SceneDelegate.swift */,
				E8123EA029BF2F9B008369B5 /* ViewController.swift */,
				E8123EA229BF2F9B008369B5 /* Main.storyboard */,
				E8123EA529BF2F9B008369B5 /* Assets.xcassets */,
				E8123EA729BF2F9B008369B5 /* LaunchScreen.storyboard */,
				E8123EAA29BF2F9B008369B5 /* Info.plist */,
				E8123ECC29BF3227008369B5 /* AnasayfaVC.swift */,
			);
			path = "User Default Login Uygulamasi";
			sourceTree = "<group>";
		};
		E8123EB229BF2F9B008369B5 /* User Default Login UygulamasiTests */ = {
			isa = PBXGroup;
			children = (
				E8123EB329BF2F9B008369B5 /* User_Default_Login_UygulamasiTests.swift */,
			);
			path = "User Default Login UygulamasiTests";
			sourceTree = "<group>";
		};
		E8123EBC29BF2F9B008369B5 /* User Default Login UygulamasiUITests */ = {
			isa = PBXGroup;
			children = (
				E8123EBD29BF2F9B008369B5 /* User_Default_Login_UygulamasiUITests.swift */,
				E8123EBF29BF2F9B008369B5 /* User_Default_Login_UygulamasiUITestsLaunchTests.swift */,
			);
			path = "User Default Login UygulamasiUITests";
			sourceTree = "<group>";
		};
/* End PBXGroup section */

/* Begin PBXNativeTarget section */
		E8123E9829BF2F9B008369B5 /* User Default Login Uygulamasi */ = {
			isa = PBXNativeTarget;
			buildConfigurationList = E8123EC329BF2F9B008369B5 /* Build configuration list for PBXNativeTarget "User Default Login Uygulamasi" */;
			buildPhases = (
				E8123E9529BF2F9B008369B5 /* Sources */,
				E8123E9629BF2F9B008369B5 /* Frameworks */,
				E8123E9729BF2F9B008369B5 /* Resources */,
			);
			buildRules = (
			);
			dependencies = (
			);
			name = "User Default Login Uygulamasi";
			productName = "User Default Login Uygulamasi";
			productReference = E8123E9929BF2F9B008369B5 /* User Default Login Uygulamasi.app */;
			productType = "com.apple.product-type.application";
		};
		E8123EAE29BF2F9B008369B5 /* User Default Login UygulamasiTests */ = {
			isa = PBXNativeTarget;
			buildConfigurationList = E8123EC629BF2F9B008369B5 /* Build configuration list for PBXNativeTarget "User Default Login UygulamasiTests" */;
			buildPhases = (
				E8123EAB29BF2F9B008369B5 /* Sources */,
				E8123EAC29BF2F9B008369B5 /* Frameworks */,
				E8123EAD29BF2F9B008369B5 /* Resources */,
			);
			buildRules = (
			);
			dependencies = (
				E8123EB129BF2F9B008369B5 /* PBXTargetDependency */,
			);
			name = "User Default Login UygulamasiTests";
			productName = "User Default Login UygulamasiTests";
			productReference = E8123EAF29BF2F9B008369B5 /* User Default Login UygulamasiTests.xctest */;
			productType = "com.apple.product-type.bundle.unit-test";
		};
		E8123EB829BF2F9B008369B5 /* User Default Login UygulamasiUITests */ = {
			isa = PBXNativeTarget;
			buildConfigurationList = E8123EC929BF2F9B008369B5 /* Build configuration list for PBXNativeTarget "User Default Login UygulamasiUITests" */;
			buildPhases = (
				E8123EB529BF2F9B008369B5 /* Sources */,
				E8123EB629BF2F9B008369B5 /* Frameworks */,
				E8123EB729BF2F9B008369B5 /* Resources */,
			);
			buildRules = (
			);
			dependencies = (
				E8123EBB29BF2F9B008369B5 /* PBXTargetDependency */,
			);
			name = "User Default Login UygulamasiUITests";
			productName = "User Default Login UygulamasiUITests";
			productReference = E8123EB929BF2F9B008369B5 /* User Default Login UygulamasiUITests.xctest */;
			productType = "com.apple.product-type.bundle.ui-testing";
		};
/* End PBXNativeTarget section */

/* Begin PBXProject section */
		E8123E9129BF2F9B008369B5 /* Project object */ = {
			isa = PBXProject;
			attributes = {
				BuildIndependentTargetsInParallel = 1;
				LastSwiftUpdateCheck = 1420;
				LastUpgradeCheck = 1420;
				TargetAttributes = {
					E8123E9829BF2F9B008369B5 = {
						CreatedOnToolsVersion = 14.2;
					};
					E8123EAE29BF2F9B008369B5 = {
						CreatedOnToolsVersion = 14.2;
						TestTargetID = E8123E9829BF2F9B008369B5;
					};
					E8123EB829BF2F9B008369B5 = {
						CreatedOnToolsVersion = 14.2;
						TestTargetID = E8123E9829BF2F9B008369B5;
					};
				};
			};
			buildConfigurationList = E8123E9429BF2F9B008369B5 /* Build configuration list for PBXProject "User Default Login Uygulamasi" */;
			compatibilityVersion = "Xcode 14.0";
			developmentRegion = en;
			hasScannedForEncodings = 0;
			knownRegions = (
				en,
				Base,
			);
			mainGroup = E8123E9029BF2F9B008369B5;
			productRefGroup = E8123E9A29BF2F9B008369B5 /* Products */;
			projectDirPath = "";
			projectRoot = "";
			targets = (
				E8123E9829BF2F9B008369B5 /* User Default Login Uygulamasi */,
				E8123EAE29BF2F9B008369B5 /* User Default Login UygulamasiTests */,
				E8123EB829BF2F9B008369B5 /* User Default Login UygulamasiUITests */,
			);
		};
/* End PBXProject section */

/* Begin PBXResourcesBuildPhase section */
		E8123E9729BF2F9B008369B5 /* Resources */ = {
			isa = PBXResourcesBuildPhase;
			buildActionMask = 2147483647;
			files = (
				E8123EA929BF2F9B008369B5 /* LaunchScreen.storyboard in Resources */,
				E8123EA629BF2F9B008369B5 /* Assets.xcassets in Resources */,
				E8123EA429BF2F9B008369B5 /* Main.storyboard in Resources */,
			);
			runOnlyForDeploymentPostprocessing = 0;
		};
		E8123EAD29BF2F9B008369B5 /* Resources */ = {
			isa = PBXResourcesBuildPhase;
			buildActionMask = 2147483647;
			files = (
			);
			runOnlyForDeploymentPostprocessing = 0;
		};
		E8123EB729BF2F9B008369B5 /* Resources */ = {
			isa = PBXResourcesBuildPhase;
			buildActionMask = 2147483647;
			files = (
			);
			runOnlyForDeploymentPostprocessing = 0;
		};
/* End PBXResourcesBuildPhase section */

/* Begin PBXSourcesBuildPhase section */
		E8123E9529BF2F9B008369B5 /* Sources */ = {
			isa = PBXSourcesBuildPhase;
			buildActionMask = 2147483647;
			files = (
				E8123ECD29BF3227008369B5 /* AnasayfaVC.swift in Sources */,
				E8123EA129BF2F9B008369B5 /* ViewController.swift in Sources */,
				E8123E9D29BF2F9B008369B5 /* AppDelegate.swift in Sources */,
				E8123E9F29BF2F9B008369B5 /* SceneDelegate.swift in Sources */,
			);
			runOnlyForDeploymentPostprocessing = 0;
		};
		E8123EAB29BF2F9B008369B5 /* Sources */ = {
			isa = PBXSourcesBuildPhase;
			buildActionMask = 2147483647;
			files = (
				E8123EB429BF2F9B008369B5 /* User_Default_Login_UygulamasiTests.swift in Sources */,
			);
			runOnlyForDeploymentPostprocessing = 0;
		};
		E8123EB529BF2F9B008369B5 /* Sources */ = {
			isa = PBXSourcesBuildPhase;
			buildActionMask = 2147483647;
			files = (
				E8123EC029BF2F9B008369B5 /* User_Default_Login_UygulamasiUITestsLaunchTests.swift in Sources */,
				E8123EBE29BF2F9B008369B5 /* User_Default_Login_UygulamasiUITests.swift in Sources */,
			);
			runOnlyForDeploymentPostprocessing = 0;
		};
/* End PBXSourcesBuildPhase section */

/* Begin PBXTargetDependency section */
		E8123EB129BF2F9B008369B5 /* PBXTargetDependency */ = {
			isa = PBXTargetDependency;
			target = E8123E9829BF2F9B008369B5 /* User Default Login Uygulamasi */;
			targetProxy = E8123EB029BF2F9B008369B5 /* PBXContainerItemProxy */;
		};
		E8123EBB29BF2F9B008369B5 /* PBXTargetDependency */ = {
			isa = PBXTargetDependency;
			target = E8123E9829BF2F9B008369B5 /* User Default Login Uygulamasi */;
			targetProxy = E8123EBA29BF2F9B008369B5 /* PBXContainerItemProxy */;
		};
/* End PBXTargetDependency section */

/* Begin PBXVariantGroup section */
		E8123EA229BF2F9B008369B5 /* Main.storyboard */ = {
			isa = PBXVariantGroup;
			children = (
				E8123EA329BF2F9B008369B5 /* Base */,
			);
			name = Main.storyboard;
			sourceTree = "<group>";
		};
		E8123EA729BF2F9B008369B5 /* LaunchScreen.storyboard */ = {
			isa = PBXVariantGroup;
			children = (
				E8123EA829BF2F9B008369B5 /* Base */,
			);
			name = LaunchScreen.storyboard;
			sourceTree = "<group>";
		};
/* End PBXVariantGroup section */

/* Begin XCBuildConfiguration section */
		E8123EC129BF2F9B008369B5 /* Debug */ = {
			isa = XCBuildConfiguration;
			buildSettings = {
				ALWAYS_SEARCH_USER_PATHS = NO;
				CLANG_ANALYZER_NONNULL = YES;
				CLANG_ANALYZER_NUMBER_OBJECT_CONVERSION = YES_AGGRESSIVE;
				CLANG_CXX_LANGUAGE_STANDARD = "gnu++20";
				CLANG_ENABLE_MODULES = YES;
				CLANG_ENABLE_OBJC_ARC = YES;
				CLANG_ENABLE_OBJC_WEAK = YES;
				CLANG_WARN_BLOCK_CAPTURE_AUTORELEASING = YES;
				CLANG_WARN_BOOL_CONVERSION = YES;
				CLANG_WARN_COMMA = YES;
				CLANG_WARN_CONSTANT_CONVERSION = YES;
				CLANG_WARN_DEPRECATED_OBJC_IMPLEMENTATIONS = YES;
				CLANG_WARN_DIRECT_OBJC_ISA_USAGE = YES_ERROR;
				CLANG_WARN_DOCUMENTATION_COMMENTS = YES;
				CLANG_WARN_EMPTY_BODY = YES;
				CLANG_WARN_ENUM_CONVERSION = YES;
				CLANG_WARN_INFINITE_RECURSION = YES;
				CLANG_WARN_INT_CONVERSION = YES;
				CLANG_WARN_NON_LITERAL_NULL_CONVERSION = YES;
				CLANG_WARN_OBJC_IMPLICIT_RETAIN_SELF = YES;
				CLANG_WARN_OBJC_LITERAL_CONVERSION = YES;
				CLANG_WARN_OBJC_ROOT_CLASS = YES_ERROR;
				CLANG_WARN_QUOTED_INCLUDE_IN_FRAMEWORK_HEADER = YES;
				CLANG_WARN_RANGE_LOOP_ANALYSIS = YES;
				CLANG_WARN_STRICT_PROTOTYPES = YES;
				CLANG_WARN_SUSPICIOUS_MOVE = YES;
				CLANG_WARN_UNGUARDED_AVAILABILITY = YES_AGGRESSIVE;
				CLANG_WARN_UNREACHABLE_CODE = YES;
				CLANG_WARN__DUPLICATE_METHOD_MATCH = YES;
				COPY_PHASE_STRIP = NO;
				DEBUG_INFORMATION_FORMAT = dwarf;
				ENABLE_STRICT_OBJC_MSGSEND = YES;
				ENABLE_TESTABILITY = YES;
				GCC_C_LANGUAGE_STANDARD = gnu11;
				GCC_DYNAMIC_NO_PIC = NO;
				GCC_NO_COMMON_BLOCKS = YES;
				GCC_OPTIMIZATION_LEVEL = 0;
				GCC_PREPROCESSOR_DEFINITIONS = (
					"DEBUG=1",
					"$(inherited)",
				);
				GCC_WARN_64_TO_32_BIT_CONVERSION = YES;
				GCC_WARN_ABOUT_RETURN_TYPE = YES_ERROR;
				GCC_WARN_UNDECLARED_SELECTOR = YES;
				GCC_WARN_UNINITIALIZED_AUTOS = YES_AGGRESSIVE;
				GCC_WARN_UNUSED_FUNCTION = YES;
				GCC_WARN_UNUSED_VARIABLE = YES;
				IPHONEOS_DEPLOYMENT_TARGET = 16.2;
				MTL_ENABLE_DEBUG_INFO = INCLUDE_SOURCE;
				MTL_FAST_MATH = YES;
				ONLY_ACTIVE_ARCH = YES;
				SDKROOT = iphoneos;
				SWIFT_ACTIVE_COMPILATION_CONDITIONS = DEBUG;
				SWIFT_OPTIMIZATION_LEVEL = "-Onone";
			};
			name = Debug;
		};
		E8123EC229BF2F9B008369B5 /* Release */ = {
			isa = XCBuildConfiguration;
			buildSettings = {
				ALWAYS_SEARCH_USER_PATHS = NO;
				CLANG_ANALYZER_NONNULL = YES;
				CLANG_ANALYZER_NUMBER_OBJECT_CONVERSION = YES_AGGRESSIVE;
				CLANG_CXX_LANGUAGE_STANDARD = "gnu++20";
				CLANG_ENABLE_MODULES = YES;
				CLANG_ENABLE_OBJC_ARC = YES;
				CLANG_ENABLE_OBJC_WEAK = YES;
				CLANG_WARN_BLOCK_CAPTURE_AUTORELEASING = YES;
				CLANG_WARN_BOOL_CONVERSION = YES;
				CLANG_WARN_COMMA = YES;
				CLANG_WARN_CONSTANT_CONVERSION = YES;
				CLANG_WARN_DEPRECATED_OBJC_IMPLEMENTATIONS = YES;
				CLANG_WARN_DIRECT_OBJC_ISA_USAGE = YES_ERROR;
				CLANG_WARN_DOCUMENTATION_COMMENTS = YES;
				CLANG_WARN_EMPTY_BODY = YES;
				CLANG_WARN_ENUM_CONVERSION = YES;
				CLANG_WARN_INFINITE_RECURSION = YES;
				CLANG_WARN_INT_CONVERSION = YES;
				CLANG_WARN_NON_LITERAL_NULL_CONVERSION = YES;
				CLANG_WARN_OBJC_IMPLICIT_RETAIN_SELF = YES;
				CLANG_WARN_OBJC_LITERAL_CONVERSION = YES;
				CLANG_WARN_OBJC_ROOT_CLASS = YES_ERROR;
				CLANG_WARN_QUOTED_INCLUDE_IN_FRAMEWORK_HEADER = YES;
				CLANG_WARN_RANGE_LOOP_ANALYSIS = YES;
				CLANG_WARN_STRICT_PROTOTYPES = YES;
				CLANG_WARN_SUSPICIOUS_MOVE = YES;
				CLANG_WARN_UNGUARDED_AVAILABILITY = YES_AGGRESSIVE;
				CLANG_WARN_UNREACHABLE_CODE = YES;
				CLANG_WARN__DUPLICATE_METHOD_MATCH = YES;
				COPY_PHASE_STRIP = NO;
				DEBUG_INFORMATION_FORMAT = "dwarf-with-dsym";
				ENABLE_NS_ASSERTIONS = NO;
				ENABLE_STRICT_OBJC_MSGSEND = YES;
				GCC_C_LANGUAGE_STANDARD = gnu11;
				GCC_NO_COMMON_BLOCKS = YES;
				GCC_WARN_64_TO_32_BIT_CONVERSION = YES;
				GCC_WARN_ABOUT_RETURN_TYPE = YES_ERROR;
				GCC_WARN_UNDECLARED_SELECTOR = YES;
				GCC_WARN_UNINITIALIZED_AUTOS = YES_AGGRESSIVE;
				GCC_WARN_UNUSED_FUNCTION = YES;
				GCC_WARN_UNUSED_VARIABLE = YES;
				IPHONEOS_DEPLOYMENT_TARGET = 16.2;
				MTL_ENABLE_DEBUG_INFO = NO;
				MTL_FAST_MATH = YES;
				SDKROOT = iphoneos;
				SWIFT_COMPILATION_MODE = wholemodule;
				SWIFT_OPTIMIZATION_LEVEL = "-O";
				VALIDATE_PRODUCT = YES;
			};
			name = Release;
		};
		E8123EC429BF2F9B008369B5 /* Debug */ = {
			isa = XCBuildConfiguration;
			buildSettings = {
				ASSETCATALOG_COMPILER_APPICON_NAME = AppIcon;
				ASSETCATALOG_COMPILER_GLOBAL_ACCENT_COLOR_NAME = AccentColor;
				CODE_SIGN_STYLE = Automatic;
				CURRENT_PROJECT_VERSION = 1;
				GENERATE_INFOPLIST_FILE = YES;
				INFOPLIST_FILE = "User Default Login Uygulamasi/Info.plist";
				INFOPLIST_KEY_UIApplicationSupportsIndirectInputEvents = YES;
				INFOPLIST_KEY_UILaunchStoryboardName = LaunchScreen;
				INFOPLIST_KEY_UIMainStoryboardFile = Main;
				INFOPLIST_KEY_UISupportedInterfaceOrientations_iPad = "UIInterfaceOrientationPortrait UIInterfaceOrientationPortraitUpsideDown UIInterfaceOrientationLandscapeLeft UIInterfaceOrientationLandscapeRight";
				INFOPLIST_KEY_UISupportedInterfaceOrientations_iPhone = "UIInterfaceOrientationPortrait UIInterfaceOrientationLandscapeLeft UIInterfaceOrientationLandscapeRight";
				LD_RUNPATH_SEARCH_PATHS = (
					"$(inherited)",
					"@executable_path/Frameworks",
				);
				MARKETING_VERSION = 1.0;
				PRODUCT_BUNDLE_IDENTIFIER = "info.User-Default-Login-Uygulamasi";
				PRODUCT_NAME = "$(TARGET_NAME)";
				SWIFT_EMIT_LOC_STRINGS = YES;
				SWIFT_VERSION = 5.0;
				TARGETED_DEVICE_FAMILY = "1,2";
			};
			name = Debug;
		};
		E8123EC529BF2F9B008369B5 /* Release */ = {
			isa = XCBuildConfiguration;
			buildSettings = {
				ASSETCATALOG_COMPILER_APPICON_NAME = AppIcon;
				ASSETCATALOG_COMPILER_GLOBAL_ACCENT_COLOR_NAME = AccentColor;
				CODE_SIGN_STYLE = Automatic;
				CURRENT_PROJECT_VERSION = 1;
				GENERATE_INFOPLIST_FILE = YES;
				INFOPLIST_FILE = "User Default Login Uygulamasi/Info.plist";
				INFOPLIST_KEY_UIApplicationSupportsIndirectInputEvents = YES;
				INFOPLIST_KEY_UILaunchStoryboardName = LaunchScreen;
				INFOPLIST_KEY_UIMainStoryboardFile = Main;
				INFOPLIST_KEY_UISupportedInterfaceOrientations_iPad = "UIInterfaceOrientationPortrait UIInterfaceOrientationPortraitUpsideDown UIInterfaceOrientationLandscapeLeft UIInterfaceOrientationLandscapeRight";
				INFOPLIST_KEY_UISupportedInterfaceOrientations_iPhone = "UIInterfaceOrientationPortrait UIInterfaceOrientationLandscapeLeft UIInterfaceOrientationLandscapeRight";
				LD_RUNPATH_SEARCH_PATHS = (
					"$(inherited)",
					"@executable_path/Frameworks",
				);
				MARKETING_VERSION = 1.0;
				PRODUCT_BUNDLE_IDENTIFIER = "info.User-Default-Login-Uygulamasi";
				PRODUCT_NAME = "$(TARGET_NAME)";
				SWIFT_EMIT_LOC_STRINGS = YES;
				SWIFT_VERSION = 5.0;
				TARGETED_DEVICE_FAMILY = "1,2";
			};
			name = Release;
		};
		E8123EC729BF2F9B008369B5 /* Debug */ = {
			isa = XCBuildConfiguration;
			buildSettings = {
				ALWAYS_EMBED_SWIFT_STANDARD_LIBRARIES = YES;
				BUNDLE_LOADER = "$(TEST_HOST)";
				CODE_SIGN_STYLE = Automatic;
				CURRENT_PROJECT_VERSION = 1;
				GENERATE_INFOPLIST_FILE = YES;
				IPHONEOS_DEPLOYMENT_TARGET = 16.2;
				MARKETING_VERSION = 1.0;
				PRODUCT_BUNDLE_IDENTIFIER = "info.User-Default-Login-UygulamasiTests";
				PRODUCT_NAME = "$(TARGET_NAME)";
				SWIFT_EMIT_LOC_STRINGS = NO;
				SWIFT_VERSION = 5.0;
				TARGETED_DEVICE_FAMILY = "1,2";
				TEST_HOST = "$(BUILT_PRODUCTS_DIR)/User Default Login Uygulamasi.app/$(BUNDLE_EXECUTABLE_FOLDER_PATH)/User Default Login Uygulamasi";
			};
			name = Debug;
		};
		E8123EC829BF2F9B008369B5 /* Release */ = {
			isa = XCBuildConfiguration;
			buildSettings = {
				ALWAYS_EMBED_SWIFT_STANDARD_LIBRARIES = YES;
				BUNDLE_LOADER = "$(TEST_HOST)";
				CODE_SIGN_STYLE = Automatic;
				CURRENT_PROJECT_VERSION = 1;
				GENERATE_INFOPLIST_FILE = YES;
				IPHONEOS_DEPLOYMENT_TARGET = 16.2;
				MARKETING_VERSION = 1.0;
				PRODUCT_BUNDLE_IDENTIFIER = "info.User-Default-Login-UygulamasiTests";
				PRODUCT_NAME = "$(TARGET_NAME)";
				SWIFT_EMIT_LOC_STRINGS = NO;
				SWIFT_VERSION = 5.0;
				TARGETED_DEVICE_FAMILY = "1,2";
				TEST_HOST = "$(BUILT_PRODUCTS_DIR)/User Default Login Uygulamasi.app/$(BUNDLE_EXECUTABLE_FOLDER_PATH)/User Default Login Uygulamasi";
			};
			name = Release;
		};
		E8123ECA29BF2F9B008369B5 /* Debug */ = {
			isa = XCBuildConfiguration;
			buildSettings = {
				ALWAYS_EMBED_SWIFT_STANDARD_LIBRARIES = YES;
				CODE_SIGN_STYLE = Automatic;
				CURRENT_PROJECT_VERSION = 1;
				GENERATE_INFOPLIST_FILE = YES;
				MARKETING_VERSION = 1.0;
				PRODUCT_BUNDLE_IDENTIFIER = "info.User-Default-Login-UygulamasiUITests";
				PRODUCT_NAME = "$(TARGET_NAME)";
				SWIFT_EMIT_LOC_STRINGS = NO;
				SWIFT_VERSION = 5.0;
				TARGETED_DEVICE_FAMILY = "1,2";
				TEST_TARGET_NAME = "User Default Login Uygulamasi";
			};
			name = Debug;
		};
		E8123ECB29BF2F9B008369B5 /* Release */ = {
			isa = XCBuildConfiguration;
			buildSettings = {
				ALWAYS_EMBED_SWIFT_STANDARD_LIBRARIES = YES;
				CODE_SIGN_STYLE = Automatic;
				CURRENT_PROJECT_VERSION = 1;
				GENERATE_INFOPLIST_FILE = YES;
				MARKETING_VERSION = 1.0;
				PRODUCT_BUNDLE_IDENTIFIER = "info.User-Default-Login-UygulamasiUITests";
				PRODUCT_NAME = "$(TARGET_NAME)";
				SWIFT_EMIT_LOC_STRINGS = NO;
				SWIFT_VERSION = 5.0;
				TARGETED_DEVICE_FAMILY = "1,2";
				TEST_TARGET_NAME = "User Default Login Uygulamasi";
			};
			name = Release;
		};
/* End XCBuildConfiguration section */

/* Begin XCConfigurationList section */
		E8123E9429BF2F9B008369B5 /* Build configuration list for PBXProject "User Default Login Uygulamasi" */ = {
			isa = XCConfigurationList;
			buildConfigurations = (
				E8123EC129BF2F9B008369B5 /* Debug */,
				E8123EC229BF2F9B008369B5 /* Release */,
			);
			defaultConfigurationIsVisible = 0;
			defaultConfigurationName = Release;
		};
		E8123EC329BF2F9B008369B5 /* Build configuration list for PBXNativeTarget "User Default Login Uygulamasi" */ = {
			isa = XCConfigurationList;
			buildConfigurations = (
				E8123EC429BF2F9B008369B5 /* Debug */,
				E8123EC529BF2F9B008369B5 /* Release */,
			);
			defaultConfigurationIsVisible = 0;
			defaultConfigurationName = Release;
		};
		E8123EC629BF2F9B008369B5 /* Build configuration list for PBXNativeTarget "User Default Login UygulamasiTests" */ = {
			isa = XCConfigurationList;
			buildConfigurations = (
				E8123EC729BF2F9B008369B5 /* Debug */,
				E8123EC829BF2F9B008369B5 /* Release */,
			);
			defaultConfigurationIsVisible = 0;
			defaultConfigurationName = Release;
		};
		E8123EC929BF2F9B008369B5 /* Build configuration list for PBXNativeTarget "User Default Login UygulamasiUITests" */ = {
			isa = XCConfigurationList;
			buildConfigurations = (
				E8123ECA29BF2F9B008369B5 /* Debug */,
				E8123ECB29BF2F9B008369B5 /* Release */,
			);
			defaultConfigurationIsVisible = 0;
			defaultConfigurationName = Release;
		};
/* End XCConfigurationList section */
	};
	rootObject = E8123E9129BF2F9B008369B5 /* Project object */;
}
